
Microsoft Visual Studio Solution File, Format Version 12.00
# Visual Studio Version 16
VisualStudioVersion = 16.0.29020.237
MinimumVisualStudioVersion = 10.0.40219.1
Project("{9A19103F-16F7-4668-BE54-9A1E7A4F7556}") = "PdfClown", "PdfClown\PdfClown.csproj", "{DBED0809-EE4C-45B0-92FA-E4789ECC2AEC}"
EndProject
Project("{9A19103F-16F7-4668-BE54-9A1E7A4F7556}") = "PdfClown.Samples", "PdfClown.Samples\PdfClown.Samples.csproj", "{BDBDC0A1-6937-4BB6-964D-DDC62CE2832F}"
EndProject
Project("{FAE04EC0-301F-11D3-BF4B-00C04F79EFBC}") = "PdfClown.Viewer.UWP", "PdfClown.Viewer\PdfClown.Viewer.UWP\PdfClown.Viewer.UWP.csproj", "{A91CECC2-1D41-46C4-8CCA-05C3A938F5ED}"
EndProject
Project("{FAE04EC0-301F-11D3-BF4B-00C04F79EFBC}") = "PdfClown.Viewer.Droid", "PdfClown.Viewer\PdfClown.Viewer.Droid\PdfClown.Viewer.Droid.csproj", "{6DFFA141-89F5-4882-A3F5-BC280E545A8D}"
EndProject
Project("{FAE04EC0-301F-11D3-BF4B-00C04F79EFBC}") = "PdfClown.Viewer.iOS", "PdfClown.Viewer\PdfClown.Viewer.iOS\PdfClown.Viewer.iOS.csproj", "{DE7256C7-E047-4BD0-B172-A040274E3611}"
EndProject
Project("{9A19103F-16F7-4668-BE54-9A1E7A4F7556}") = "PdfClown.Viewer", "PdfClown.Viewer\PdfClown.Viewer\PdfClown.Viewer.csproj", "{35CDA039-B005-4C37-A8DC-A2BF5B43C410}"
EndProject
Project("{2150E333-8FDC-42A3-9474-1A3956D46DE8}") = "Xamarin", "Xamarin", "{58551F03-B215-46A3-A54D-EBC389E03A3D}"
EndProject
Project("{9A19103F-16F7-4668-BE54-9A1E7A4F7556}") = "PdfClown.Viewer.WPF", "PdfClown.Viewer\PdfClown.Viewer.WPF\PdfClown.Viewer.WPF.csproj", "{B8934FC2-8E2C-4A88-B519-A5552C2F3819}"
EndProject
Project("{2150E333-8FDC-42A3-9474-1A3956D46DE8}") = "Xamarin.Test", "Xamarin.Test", "{AAF10668-A3A5-4450-B08A-EC237E2140A1}"
EndProject
Project("{FAE04EC0-301F-11D3-BF4B-00C04F79EFBC}") = "PdfClown.Viewer.Test.UWP", "PdfClown.Viewer.Test\PdfClown.Viewer.Test.UWP\PdfClown.Viewer.Test.UWP.csproj", "{4184D5D8-7441-4E13-B687-D42DDFA64934}"
EndProject
Project("{FAE04EC0-301F-11D3-BF4B-00C04F79EFBC}") = "PdfClown.Viewer.Test.Droid", "PdfClown.Viewer.Test\PdfClown.Viewer.Test.Droid\PdfClown.Viewer.Test.Droid.csproj", "{5544DED3-FDEB-4331-8FF7-C8225D253500}"
EndProject
Project("{FAE04EC0-301F-11D3-BF4B-00C04F79EFBC}") = "PdfClown.Viewer.Test.iOS", "PdfClown.Viewer.Test\PdfClown.Viewer.Test.iOS\PdfClown.Viewer.Test.iOS.csproj", "{920D41A5-ACC0-4D7E-A7FC-2B40AAD14619}"
EndProject
Project("{9A19103F-16F7-4668-BE54-9A1E7A4F7556}") = "PdfClown.Viewer.Test", "PdfClown.Viewer.Test\PdfClown.Viewer.Test\PdfClown.Viewer.Test.csproj", "{136E7A90-F60D-433A-8FE8-2AF30E906334}"
EndProject
Project("{9A19103F-16F7-4668-BE54-9A1E7A4F7556}") = "PdfClown.Viewer.Test.WPF", "PdfClown.Viewer.Test\PdfClown.Viewer.Test.WPF\PdfClown.Viewer.Test.WPF.csproj", "{FCF8C99B-7FDC-4018-991C-EE0DC002E4B9}"
EndProject
Global
	GlobalSection(SolutionConfigurationPlatforms) = preSolution
		Debug|Any CPU = Debug|Any CPU
		Debug|ARM = Debug|ARM
		Debug|iPhone = Debug|iPhone
		Debug|iPhoneSimulator = Debug|iPhoneSimulator
		Debug|x64 = Debug|x64
		Debug|x86 = Debug|x86
		Release|Any CPU = Release|Any CPU
		Release|ARM = Release|ARM
		Release|iPhone = Release|iPhone
		Release|iPhoneSimulator = Release|iPhoneSimulator
		Release|x64 = Release|x64
		Release|x86 = Release|x86
	EndGlobalSection
	GlobalSection(ProjectConfigurationPlatforms) = postSolution
		{DBED0809-EE4C-45B0-92FA-E4789ECC2AEC}.Debug|Any CPU.ActiveCfg = Debug|Any CPU
		{DBED0809-EE4C-45B0-92FA-E4789ECC2AEC}.Debug|Any CPU.Build.0 = Debug|Any CPU
		{DBED0809-EE4C-45B0-92FA-E4789ECC2AEC}.Debug|ARM.ActiveCfg = Debug|Any CPU
		{DBED0809-EE4C-45B0-92FA-E4789ECC2AEC}.Debug|ARM.Build.0 = Debug|Any CPU
		{DBED0809-EE4C-45B0-92FA-E4789ECC2AEC}.Debug|iPhone.ActiveCfg = Debug|Any CPU
		{DBED0809-EE4C-45B0-92FA-E4789ECC2AEC}.Debug|iPhone.Build.0 = Debug|Any CPU
		{DBED0809-EE4C-45B0-92FA-E4789ECC2AEC}.Debug|iPhoneSimulator.ActiveCfg = Debug|Any CPU
		{DBED0809-EE4C-45B0-92FA-E4789ECC2AEC}.Debug|iPhoneSimulator.Build.0 = Debug|Any CPU
		{DBED0809-EE4C-45B0-92FA-E4789ECC2AEC}.Debug|x64.ActiveCfg = Debug|Any CPU
		{DBED0809-EE4C-45B0-92FA-E4789ECC2AEC}.Debug|x64.Build.0 = Debug|Any CPU
		{DBED0809-EE4C-45B0-92FA-E4789ECC2AEC}.Debug|x86.ActiveCfg = Debug|Any CPU
		{DBED0809-EE4C-45B0-92FA-E4789ECC2AEC}.Debug|x86.Build.0 = Debug|Any CPU
		{DBED0809-EE4C-45B0-92FA-E4789ECC2AEC}.Release|Any CPU.ActiveCfg = Release|Any CPU
		{DBED0809-EE4C-45B0-92FA-E4789ECC2AEC}.Release|Any CPU.Build.0 = Release|Any CPU
		{DBED0809-EE4C-45B0-92FA-E4789ECC2AEC}.Release|ARM.ActiveCfg = Release|Any CPU
		{DBED0809-EE4C-45B0-92FA-E4789ECC2AEC}.Release|ARM.Build.0 = Release|Any CPU
		{DBED0809-EE4C-45B0-92FA-E4789ECC2AEC}.Release|iPhone.ActiveCfg = Release|Any CPU
		{DBED0809-EE4C-45B0-92FA-E4789ECC2AEC}.Release|iPhone.Build.0 = Release|Any CPU
		{DBED0809-EE4C-45B0-92FA-E4789ECC2AEC}.Release|iPhoneSimulator.ActiveCfg = Release|Any CPU
		{DBED0809-EE4C-45B0-92FA-E4789ECC2AEC}.Release|iPhoneSimulator.Build.0 = Release|Any CPU
		{DBED0809-EE4C-45B0-92FA-E4789ECC2AEC}.Release|x64.ActiveCfg = Release|Any CPU
		{DBED0809-EE4C-45B0-92FA-E4789ECC2AEC}.Release|x64.Build.0 = Release|Any CPU
		{DBED0809-EE4C-45B0-92FA-E4789ECC2AEC}.Release|x86.ActiveCfg = Release|Any CPU
		{DBED0809-EE4C-45B0-92FA-E4789ECC2AEC}.Release|x86.Build.0 = Release|Any CPU
		{BDBDC0A1-6937-4BB6-964D-DDC62CE2832F}.Debug|Any CPU.ActiveCfg = Debug|Any CPU
		{BDBDC0A1-6937-4BB6-964D-DDC62CE2832F}.Debug|Any CPU.Build.0 = Debug|Any CPU
		{BDBDC0A1-6937-4BB6-964D-DDC62CE2832F}.Debug|ARM.ActiveCfg = Debug|Any CPU
		{BDBDC0A1-6937-4BB6-964D-DDC62CE2832F}.Debug|ARM.Build.0 = Debug|Any CPU
		{BDBDC0A1-6937-4BB6-964D-DDC62CE2832F}.Debug|iPhone.ActiveCfg = Debug|Any CPU
		{BDBDC0A1-6937-4BB6-964D-DDC62CE2832F}.Debug|iPhone.Build.0 = Debug|Any CPU
		{BDBDC0A1-6937-4BB6-964D-DDC62CE2832F}.Debug|iPhoneSimulator.ActiveCfg = Debug|Any CPU
		{BDBDC0A1-6937-4BB6-964D-DDC62CE2832F}.Debug|iPhoneSimulator.Build.0 = Debug|Any CPU
		{BDBDC0A1-6937-4BB6-964D-DDC62CE2832F}.Debug|x64.ActiveCfg = Debug|Any CPU
		{BDBDC0A1-6937-4BB6-964D-DDC62CE2832F}.Debug|x64.Build.0 = Debug|Any CPU
		{BDBDC0A1-6937-4BB6-964D-DDC62CE2832F}.Debug|x86.ActiveCfg = Debug|Any CPU
		{BDBDC0A1-6937-4BB6-964D-DDC62CE2832F}.Debug|x86.Build.0 = Debug|Any CPU
		{BDBDC0A1-6937-4BB6-964D-DDC62CE2832F}.Release|Any CPU.ActiveCfg = Release|Any CPU
		{BDBDC0A1-6937-4BB6-964D-DDC62CE2832F}.Release|Any CPU.Build.0 = Release|Any CPU
		{BDBDC0A1-6937-4BB6-964D-DDC62CE2832F}.Release|ARM.ActiveCfg = Release|Any CPU
		{BDBDC0A1-6937-4BB6-964D-DDC62CE2832F}.Release|ARM.Build.0 = Release|Any CPU
		{BDBDC0A1-6937-4BB6-964D-DDC62CE2832F}.Release|iPhone.ActiveCfg = Release|Any CPU
		{BDBDC0A1-6937-4BB6-964D-DDC62CE2832F}.Release|iPhone.Build.0 = Release|Any CPU
		{BDBDC0A1-6937-4BB6-964D-DDC62CE2832F}.Release|iPhoneSimulator.ActiveCfg = Release|Any CPU
		{BDBDC0A1-6937-4BB6-964D-DDC62CE2832F}.Release|iPhoneSimulator.Build.0 = Release|Any CPU
		{BDBDC0A1-6937-4BB6-964D-DDC62CE2832F}.Release|x64.ActiveCfg = Release|Any CPU
		{BDBDC0A1-6937-4BB6-964D-DDC62CE2832F}.Release|x64.Build.0 = Release|Any CPU
		{BDBDC0A1-6937-4BB6-964D-DDC62CE2832F}.Release|x86.ActiveCfg = Release|Any CPU
		{BDBDC0A1-6937-4BB6-964D-DDC62CE2832F}.Release|x86.Build.0 = Release|Any CPU
		{A91CECC2-1D41-46C4-8CCA-05C3A938F5ED}.Debug|Any CPU.ActiveCfg = Debug|x86
		{A91CECC2-1D41-46C4-8CCA-05C3A938F5ED}.Debug|ARM.ActiveCfg = Debug|ARM
		{A91CECC2-1D41-46C4-8CCA-05C3A938F5ED}.Debug|ARM.Build.0 = Debug|ARM
		{A91CECC2-1D41-46C4-8CCA-05C3A938F5ED}.Debug|ARM.Deploy.0 = Debug|ARM
		{A91CECC2-1D41-46C4-8CCA-05C3A938F5ED}.Debug|iPhone.ActiveCfg = Debug|x86
		{A91CECC2-1D41-46C4-8CCA-05C3A938F5ED}.Debug|iPhoneSimulator.ActiveCfg = Debug|x86
		{A91CECC2-1D41-46C4-8CCA-05C3A938F5ED}.Debug|x64.ActiveCfg = Debug|x64
		{A91CECC2-1D41-46C4-8CCA-05C3A938F5ED}.Debug|x64.Build.0 = Debug|x64
		{A91CECC2-1D41-46C4-8CCA-05C3A938F5ED}.Debug|x64.Deploy.0 = Debug|x64
		{A91CECC2-1D41-46C4-8CCA-05C3A938F5ED}.Debug|x86.ActiveCfg = Debug|x86
		{A91CECC2-1D41-46C4-8CCA-05C3A938F5ED}.Debug|x86.Build.0 = Debug|x86
		{A91CECC2-1D41-46C4-8CCA-05C3A938F5ED}.Debug|x86.Deploy.0 = Debug|x86
		{A91CECC2-1D41-46C4-8CCA-05C3A938F5ED}.Release|Any CPU.ActiveCfg = Release|x86
		{A91CECC2-1D41-46C4-8CCA-05C3A938F5ED}.Release|ARM.ActiveCfg = Release|ARM
		{A91CECC2-1D41-46C4-8CCA-05C3A938F5ED}.Release|ARM.Build.0 = Release|ARM
		{A91CECC2-1D41-46C4-8CCA-05C3A938F5ED}.Release|ARM.Deploy.0 = Release|ARM
		{A91CECC2-1D41-46C4-8CCA-05C3A938F5ED}.Release|iPhone.ActiveCfg = Release|x86
		{A91CECC2-1D41-46C4-8CCA-05C3A938F5ED}.Release|iPhoneSimulator.ActiveCfg = Release|x86
		{A91CECC2-1D41-46C4-8CCA-05C3A938F5ED}.Release|x64.ActiveCfg = Release|x64
		{A91CECC2-1D41-46C4-8CCA-05C3A938F5ED}.Release|x64.Build.0 = Release|x64
		{A91CECC2-1D41-46C4-8CCA-05C3A938F5ED}.Release|x64.Deploy.0 = Release|x64
		{A91CECC2-1D41-46C4-8CCA-05C3A938F5ED}.Release|x86.ActiveCfg = Release|x86
		{A91CECC2-1D41-46C4-8CCA-05C3A938F5ED}.Release|x86.Build.0 = Release|x86
		{A91CECC2-1D41-46C4-8CCA-05C3A938F5ED}.Release|x86.Deploy.0 = Release|x86
		{6DFFA141-89F5-4882-A3F5-BC280E545A8D}.Debug|Any CPU.ActiveCfg = Debug|Any CPU
		{6DFFA141-89F5-4882-A3F5-BC280E545A8D}.Debug|Any CPU.Build.0 = Debug|Any CPU
		{6DFFA141-89F5-4882-A3F5-BC280E545A8D}.Debug|Any CPU.Deploy.0 = Debug|Any CPU
		{6DFFA141-89F5-4882-A3F5-BC280E545A8D}.Debug|ARM.ActiveCfg = Debug|Any CPU
		{6DFFA141-89F5-4882-A3F5-BC280E545A8D}.Debug|ARM.Build.0 = Debug|Any CPU
		{6DFFA141-89F5-4882-A3F5-BC280E545A8D}.Debug|ARM.Deploy.0 = Debug|Any CPU
		{6DFFA141-89F5-4882-A3F5-BC280E545A8D}.Debug|iPhone.ActiveCfg = Debug|Any CPU
		{6DFFA141-89F5-4882-A3F5-BC280E545A8D}.Debug|iPhone.Build.0 = Debug|Any CPU
		{6DFFA141-89F5-4882-A3F5-BC280E545A8D}.Debug|iPhone.Deploy.0 = Debug|Any CPU
		{6DFFA141-89F5-4882-A3F5-BC280E545A8D}.Debug|iPhoneSimulator.ActiveCfg = Debug|Any CPU
		{6DFFA141-89F5-4882-A3F5-BC280E545A8D}.Debug|iPhoneSimulator.Build.0 = Debug|Any CPU
		{6DFFA141-89F5-4882-A3F5-BC280E545A8D}.Debug|iPhoneSimulator.Deploy.0 = Debug|Any CPU
		{6DFFA141-89F5-4882-A3F5-BC280E545A8D}.Debug|x64.ActiveCfg = Debug|Any CPU
		{6DFFA141-89F5-4882-A3F5-BC280E545A8D}.Debug|x64.Build.0 = Debug|Any CPU
		{6DFFA141-89F5-4882-A3F5-BC280E545A8D}.Debug|x64.Deploy.0 = Debug|Any CPU
		{6DFFA141-89F5-4882-A3F5-BC280E545A8D}.Debug|x86.ActiveCfg = Debug|Any CPU
		{6DFFA141-89F5-4882-A3F5-BC280E545A8D}.Debug|x86.Build.0 = Debug|Any CPU
		{6DFFA141-89F5-4882-A3F5-BC280E545A8D}.Debug|x86.Deploy.0 = Debug|Any CPU
		{6DFFA141-89F5-4882-A3F5-BC280E545A8D}.Release|Any CPU.ActiveCfg = Release|Any CPU
		{6DFFA141-89F5-4882-A3F5-BC280E545A8D}.Release|Any CPU.Build.0 = Release|Any CPU
		{6DFFA141-89F5-4882-A3F5-BC280E545A8D}.Release|Any CPU.Deploy.0 = Release|Any CPU
		{6DFFA141-89F5-4882-A3F5-BC280E545A8D}.Release|ARM.ActiveCfg = Release|Any CPU
		{6DFFA141-89F5-4882-A3F5-BC280E545A8D}.Release|ARM.Build.0 = Release|Any CPU
		{6DFFA141-89F5-4882-A3F5-BC280E545A8D}.Release|ARM.Deploy.0 = Release|Any CPU
		{6DFFA141-89F5-4882-A3F5-BC280E545A8D}.Release|iPhone.ActiveCfg = Release|Any CPU
		{6DFFA141-89F5-4882-A3F5-BC280E545A8D}.Release|iPhone.Build.0 = Release|Any CPU
		{6DFFA141-89F5-4882-A3F5-BC280E545A8D}.Release|iPhone.Deploy.0 = Release|Any CPU
		{6DFFA141-89F5-4882-A3F5-BC280E545A8D}.Release|iPhoneSimulator.ActiveCfg = Release|Any CPU
		{6DFFA141-89F5-4882-A3F5-BC280E545A8D}.Release|iPhoneSimulator.Build.0 = Release|Any CPU
		{6DFFA141-89F5-4882-A3F5-BC280E545A8D}.Release|iPhoneSimulator.Deploy.0 = Release|Any CPU
		{6DFFA141-89F5-4882-A3F5-BC280E545A8D}.Release|x64.ActiveCfg = Release|Any CPU
		{6DFFA141-89F5-4882-A3F5-BC280E545A8D}.Release|x64.Build.0 = Release|Any CPU
		{6DFFA141-89F5-4882-A3F5-BC280E545A8D}.Release|x64.Deploy.0 = Release|Any CPU
		{6DFFA141-89F5-4882-A3F5-BC280E545A8D}.Release|x86.ActiveCfg = Release|Any CPU
		{6DFFA141-89F5-4882-A3F5-BC280E545A8D}.Release|x86.Build.0 = Release|Any CPU
		{6DFFA141-89F5-4882-A3F5-BC280E545A8D}.Release|x86.Deploy.0 = Release|Any CPU
		{DE7256C7-E047-4BD0-B172-A040274E3611}.Debug|Any CPU.ActiveCfg = Debug|iPhone
		{DE7256C7-E047-4BD0-B172-A040274E3611}.Debug|ARM.ActiveCfg = Debug|iPhone
		{DE7256C7-E047-4BD0-B172-A040274E3611}.Debug|iPhone.ActiveCfg = Debug|iPhone
		{DE7256C7-E047-4BD0-B172-A040274E3611}.Debug|iPhone.Build.0 = Debug|iPhone
		{DE7256C7-E047-4BD0-B172-A040274E3611}.Debug|iPhoneSimulator.ActiveCfg = Debug|iPhoneSimulator
		{DE7256C7-E047-4BD0-B172-A040274E3611}.Debug|iPhoneSimulator.Build.0 = Debug|iPhoneSimulator
		{DE7256C7-E047-4BD0-B172-A040274E3611}.Debug|x64.ActiveCfg = Debug|iPhone
		{DE7256C7-E047-4BD0-B172-A040274E3611}.Debug|x86.ActiveCfg = Debug|iPhone
		{DE7256C7-E047-4BD0-B172-A040274E3611}.Release|Any CPU.ActiveCfg = Release|iPhone
		{DE7256C7-E047-4BD0-B172-A040274E3611}.Release|ARM.ActiveCfg = Release|iPhone
		{DE7256C7-E047-4BD0-B172-A040274E3611}.Release|iPhone.ActiveCfg = Release|iPhone
		{DE7256C7-E047-4BD0-B172-A040274E3611}.Release|iPhone.Build.0 = Release|iPhone
		{DE7256C7-E047-4BD0-B172-A040274E3611}.Release|iPhoneSimulator.ActiveCfg = Release|iPhoneSimulator
		{DE7256C7-E047-4BD0-B172-A040274E3611}.Release|iPhoneSimulator.Build.0 = Release|iPhoneSimulator
		{DE7256C7-E047-4BD0-B172-A040274E3611}.Release|x64.ActiveCfg = Release|iPhone
		{DE7256C7-E047-4BD0-B172-A040274E3611}.Release|x86.ActiveCfg = Release|iPhone
		{35CDA039-B005-4C37-A8DC-A2BF5B43C410}.Debug|Any CPU.ActiveCfg = Debug|Any CPU
		{35CDA039-B005-4C37-A8DC-A2BF5B43C410}.Debug|Any CPU.Build.0 = Debug|Any CPU
		{35CDA039-B005-4C37-A8DC-A2BF5B43C410}.Debug|ARM.ActiveCfg = Debug|Any CPU
		{35CDA039-B005-4C37-A8DC-A2BF5B43C410}.Debug|ARM.Build.0 = Debug|Any CPU
		{35CDA039-B005-4C37-A8DC-A2BF5B43C410}.Debug|iPhone.ActiveCfg = Debug|Any CPU
		{35CDA039-B005-4C37-A8DC-A2BF5B43C410}.Debug|iPhone.Build.0 = Debug|Any CPU
		{35CDA039-B005-4C37-A8DC-A2BF5B43C410}.Debug|iPhoneSimulator.ActiveCfg = Debug|Any CPU
		{35CDA039-B005-4C37-A8DC-A2BF5B43C410}.Debug|iPhoneSimulator.Build.0 = Debug|Any CPU
		{35CDA039-B005-4C37-A8DC-A2BF5B43C410}.Debug|x64.ActiveCfg = Debug|Any CPU
		{35CDA039-B005-4C37-A8DC-A2BF5B43C410}.Debug|x64.Build.0 = Debug|Any CPU
		{35CDA039-B005-4C37-A8DC-A2BF5B43C410}.Debug|x86.ActiveCfg = Debug|Any CPU
		{35CDA039-B005-4C37-A8DC-A2BF5B43C410}.Debug|x86.Build.0 = Debug|Any CPU
		{35CDA039-B005-4C37-A8DC-A2BF5B43C410}.Release|Any CPU.ActiveCfg = Release|Any CPU
		{35CDA039-B005-4C37-A8DC-A2BF5B43C410}.Release|Any CPU.Build.0 = Release|Any CPU
		{35CDA039-B005-4C37-A8DC-A2BF5B43C410}.Release|ARM.ActiveCfg = Release|Any CPU
		{35CDA039-B005-4C37-A8DC-A2BF5B43C410}.Release|ARM.Build.0 = Release|Any CPU
		{35CDA039-B005-4C37-A8DC-A2BF5B43C410}.Release|iPhone.ActiveCfg = Release|Any CPU
		{35CDA039-B005-4C37-A8DC-A2BF5B43C410}.Release|iPhone.Build.0 = Release|Any CPU
		{35CDA039-B005-4C37-A8DC-A2BF5B43C410}.Release|iPhoneSimulator.ActiveCfg = Release|Any CPU
		{35CDA039-B005-4C37-A8DC-A2BF5B43C410}.Release|iPhoneSimulator.Build.0 = Release|Any CPU
		{35CDA039-B005-4C37-A8DC-A2BF5B43C410}.Release|x64.ActiveCfg = Release|Any CPU
		{35CDA039-B005-4C37-A8DC-A2BF5B43C410}.Release|x64.Build.0 = Release|Any CPU
		{35CDA039-B005-4C37-A8DC-A2BF5B43C410}.Release|x86.ActiveCfg = Release|Any CPU
		{35CDA039-B005-4C37-A8DC-A2BF5B43C410}.Release|x86.Build.0 = Release|Any CPU
		{B8934FC2-8E2C-4A88-B519-A5552C2F3819}.Debug|Any CPU.ActiveCfg = Debug|Any CPU
		{B8934FC2-8E2C-4A88-B519-A5552C2F3819}.Debug|Any CPU.Build.0 = Debug|Any CPU
		{B8934FC2-8E2C-4A88-B519-A5552C2F3819}.Debug|ARM.ActiveCfg = Debug|Any CPU
		{B8934FC2-8E2C-4A88-B519-A5552C2F3819}.Debug|ARM.Build.0 = Debug|Any CPU
		{B8934FC2-8E2C-4A88-B519-A5552C2F3819}.Debug|iPhone.ActiveCfg = Debug|Any CPU
		{B8934FC2-8E2C-4A88-B519-A5552C2F3819}.Debug|iPhone.Build.0 = Debug|Any CPU
		{B8934FC2-8E2C-4A88-B519-A5552C2F3819}.Debug|iPhoneSimulator.ActiveCfg = Debug|Any CPU
		{B8934FC2-8E2C-4A88-B519-A5552C2F3819}.Debug|iPhoneSimulator.Build.0 = Debug|Any CPU
		{B8934FC2-8E2C-4A88-B519-A5552C2F3819}.Debug|x64.ActiveCfg = Debug|Any CPU
		{B8934FC2-8E2C-4A88-B519-A5552C2F3819}.Debug|x64.Build.0 = Debug|Any CPU
		{B8934FC2-8E2C-4A88-B519-A5552C2F3819}.Debug|x86.ActiveCfg = Debug|Any CPU
		{B8934FC2-8E2C-4A88-B519-A5552C2F3819}.Debug|x86.Build.0 = Debug|Any CPU
		{B8934FC2-8E2C-4A88-B519-A5552C2F3819}.Release|Any CPU.ActiveCfg = Release|Any CPU
		{B8934FC2-8E2C-4A88-B519-A5552C2F3819}.Release|Any CPU.Build.0 = Release|Any CPU
		{B8934FC2-8E2C-4A88-B519-A5552C2F3819}.Release|ARM.ActiveCfg = Release|Any CPU
		{B8934FC2-8E2C-4A88-B519-A5552C2F3819}.Release|ARM.Build.0 = Release|Any CPU
		{B8934FC2-8E2C-4A88-B519-A5552C2F3819}.Release|iPhone.ActiveCfg = Release|Any CPU
		{B8934FC2-8E2C-4A88-B519-A5552C2F3819}.Release|iPhone.Build.0 = Release|Any CPU
		{B8934FC2-8E2C-4A88-B519-A5552C2F3819}.Release|iPhoneSimulator.ActiveCfg = Release|Any CPU
		{B8934FC2-8E2C-4A88-B519-A5552C2F3819}.Release|iPhoneSimulator.Build.0 = Release|Any CPU
		{B8934FC2-8E2C-4A88-B519-A5552C2F3819}.Release|x64.ActiveCfg = Release|Any CPU
		{B8934FC2-8E2C-4A88-B519-A5552C2F3819}.Release|x64.Build.0 = Release|Any CPU
		{B8934FC2-8E2C-4A88-B519-A5552C2F3819}.Release|x86.ActiveCfg = Release|Any CPU
		{B8934FC2-8E2C-4A88-B519-A5552C2F3819}.Release|x86.Build.0 = Release|Any CPU
		{4184D5D8-7441-4E13-B687-D42DDFA64934}.Debug|Any CPU.ActiveCfg = Debug|x86
		{4184D5D8-7441-4E13-B687-D42DDFA64934}.Debug|ARM.ActiveCfg = Debug|ARM
		{4184D5D8-7441-4E13-B687-D42DDFA64934}.Debug|ARM.Build.0 = Debug|ARM
		{4184D5D8-7441-4E13-B687-D42DDFA64934}.Debug|ARM.Deploy.0 = Debug|ARM
		{4184D5D8-7441-4E13-B687-D42DDFA64934}.Debug|iPhone.ActiveCfg = Debug|x86
		{4184D5D8-7441-4E13-B687-D42DDFA64934}.Debug|iPhoneSimulator.ActiveCfg = Debug|x86
		{4184D5D8-7441-4E13-B687-D42DDFA64934}.Debug|x64.ActiveCfg = Debug|x64
		{4184D5D8-7441-4E13-B687-D42DDFA64934}.Debug|x64.Build.0 = Debug|x64
		{4184D5D8-7441-4E13-B687-D42DDFA64934}.Debug|x64.Deploy.0 = Debug|x64
		{4184D5D8-7441-4E13-B687-D42DDFA64934}.Debug|x86.ActiveCfg = Debug|x86
		{4184D5D8-7441-4E13-B687-D42DDFA64934}.Debug|x86.Build.0 = Debug|x86
		{4184D5D8-7441-4E13-B687-D42DDFA64934}.Debug|x86.Deploy.0 = Debug|x86
		{4184D5D8-7441-4E13-B687-D42DDFA64934}.Release|Any CPU.ActiveCfg = Release|x86
		{4184D5D8-7441-4E13-B687-D42DDFA64934}.Release|ARM.ActiveCfg = Release|ARM
		{4184D5D8-7441-4E13-B687-D42DDFA64934}.Release|ARM.Build.0 = Release|ARM
		{4184D5D8-7441-4E13-B687-D42DDFA64934}.Release|ARM.Deploy.0 = Release|ARM
		{4184D5D8-7441-4E13-B687-D42DDFA64934}.Release|iPhone.ActiveCfg = Release|x86
		{4184D5D8-7441-4E13-B687-D42DDFA64934}.Release|iPhoneSimulator.ActiveCfg = Release|x86
		{4184D5D8-7441-4E13-B687-D42DDFA64934}.Release|x64.ActiveCfg = Release|x64
		{4184D5D8-7441-4E13-B687-D42DDFA64934}.Release|x64.Build.0 = Release|x64
		{4184D5D8-7441-4E13-B687-D42DDFA64934}.Release|x64.Deploy.0 = Release|x64
		{4184D5D8-7441-4E13-B687-D42DDFA64934}.Release|x86.ActiveCfg = Release|x86
		{4184D5D8-7441-4E13-B687-D42DDFA64934}.Release|x86.Build.0 = Release|x86
		{4184D5D8-7441-4E13-B687-D42DDFA64934}.Release|x86.Deploy.0 = Release|x86
		{5544DED3-FDEB-4331-8FF7-C8225D253500}.Debug|Any CPU.ActiveCfg = Debug|Any CPU
		{5544DED3-FDEB-4331-8FF7-C8225D253500}.Debug|Any CPU.Build.0 = Debug|Any CPU
		{5544DED3-FDEB-4331-8FF7-C8225D253500}.Debug|Any CPU.Deploy.0 = Debug|Any CPU
		{5544DED3-FDEB-4331-8FF7-C8225D253500}.Debug|ARM.ActiveCfg = Debug|Any CPU
		{5544DED3-FDEB-4331-8FF7-C8225D253500}.Debug|ARM.Build.0 = Debug|Any CPU
		{5544DED3-FDEB-4331-8FF7-C8225D253500}.Debug|ARM.Deploy.0 = Debug|Any CPU
		{5544DED3-FDEB-4331-8FF7-C8225D253500}.Debug|iPhone.ActiveCfg = Debug|Any CPU
		{5544DED3-FDEB-4331-8FF7-C8225D253500}.Debug|iPhone.Build.0 = Debug|Any CPU
		{5544DED3-FDEB-4331-8FF7-C8225D253500}.Debug|iPhone.Deploy.0 = Debug|Any CPU
		{5544DED3-FDEB-4331-8FF7-C8225D253500}.Debug|iPhoneSimulator.ActiveCfg = Debug|Any CPU
		{5544DED3-FDEB-4331-8FF7-C8225D253500}.Debug|iPhoneSimulator.Build.0 = Debug|Any CPU
		{5544DED3-FDEB-4331-8FF7-C8225D253500}.Debug|iPhoneSimulator.Deploy.0 = Debug|Any CPU
		{5544DED3-FDEB-4331-8FF7-C8225D253500}.Debug|x64.ActiveCfg = Debug|Any CPU
		{5544DED3-FDEB-4331-8FF7-C8225D253500}.Debug|x64.Build.0 = Debug|Any CPU
		{5544DED3-FDEB-4331-8FF7-C8225D253500}.Debug|x64.Deploy.0 = Debug|Any CPU
		{5544DED3-FDEB-4331-8FF7-C8225D253500}.Debug|x86.ActiveCfg = Debug|Any CPU
		{5544DED3-FDEB-4331-8FF7-C8225D253500}.Debug|x86.Build.0 = Debug|Any CPU
		{5544DED3-FDEB-4331-8FF7-C8225D253500}.Debug|x86.Deploy.0 = Debug|Any CPU
		{5544DED3-FDEB-4331-8FF7-C8225D253500}.Release|Any CPU.ActiveCfg = Release|Any CPU
		{5544DED3-FDEB-4331-8FF7-C8225D253500}.Release|Any CPU.Build.0 = Release|Any CPU
		{5544DED3-FDEB-4331-8FF7-C8225D253500}.Release|Any CPU.Deploy.0 = Release|Any CPU
		{5544DED3-FDEB-4331-8FF7-C8225D253500}.Release|ARM.ActiveCfg = Release|Any CPU
		{5544DED3-FDEB-4331-8FF7-C8225D253500}.Release|ARM.Build.0 = Release|Any CPU
		{5544DED3-FDEB-4331-8FF7-C8225D253500}.Release|ARM.Deploy.0 = Release|Any CPU
		{5544DED3-FDEB-4331-8FF7-C8225D253500}.Release|iPhone.ActiveCfg = Release|Any CPU
		{5544DED3-FDEB-4331-8FF7-C8225D253500}.Release|iPhone.Build.0 = Release|Any CPU
		{5544DED3-FDEB-4331-8FF7-C8225D253500}.Release|iPhone.Deploy.0 = Release|Any CPU
		{5544DED3-FDEB-4331-8FF7-C8225D253500}.Release|iPhoneSimulator.ActiveCfg = Release|Any CPU
		{5544DED3-FDEB-4331-8FF7-C8225D253500}.Release|iPhoneSimulator.Build.0 = Release|Any CPU
		{5544DED3-FDEB-4331-8FF7-C8225D253500}.Release|iPhoneSimulator.Deploy.0 = Release|Any CPU
		{5544DED3-FDEB-4331-8FF7-C8225D253500}.Release|x64.ActiveCfg = Release|Any CPU
		{5544DED3-FDEB-4331-8FF7-C8225D253500}.Release|x64.Build.0 = Release|Any CPU
		{5544DED3-FDEB-4331-8FF7-C8225D253500}.Release|x64.Deploy.0 = Release|Any CPU
		{5544DED3-FDEB-4331-8FF7-C8225D253500}.Release|x86.ActiveCfg = Release|Any CPU
		{5544DED3-FDEB-4331-8FF7-C8225D253500}.Release|x86.Build.0 = Release|Any CPU
		{5544DED3-FDEB-4331-8FF7-C8225D253500}.Release|x86.Deploy.0 = Release|Any CPU
		{920D41A5-ACC0-4D7E-A7FC-2B40AAD14619}.Debug|Any CPU.ActiveCfg = Debug|iPhone
		{920D41A5-ACC0-4D7E-A7FC-2B40AAD14619}.Debug|ARM.ActiveCfg = Debug|iPhone
		{920D41A5-ACC0-4D7E-A7FC-2B40AAD14619}.Debug|iPhone.ActiveCfg = Debug|iPhone
		{920D41A5-ACC0-4D7E-A7FC-2B40AAD14619}.Debug|iPhone.Build.0 = Debug|iPhone
		{920D41A5-ACC0-4D7E-A7FC-2B40AAD14619}.Debug|iPhoneSimulator.ActiveCfg = Debug|iPhoneSimulator
		{920D41A5-ACC0-4D7E-A7FC-2B40AAD14619}.Debug|iPhoneSimulator.Build.0 = Debug|iPhoneSimulator
		{920D41A5-ACC0-4D7E-A7FC-2B40AAD14619}.Debug|x64.ActiveCfg = Debug|iPhone
		{920D41A5-ACC0-4D7E-A7FC-2B40AAD14619}.Debug|x86.ActiveCfg = Debug|iPhone
		{920D41A5-ACC0-4D7E-A7FC-2B40AAD14619}.Release|Any CPU.ActiveCfg = Release|iPhone
		{920D41A5-ACC0-4D7E-A7FC-2B40AAD14619}.Release|ARM.ActiveCfg = Release|iPhone
		{920D41A5-ACC0-4D7E-A7FC-2B40AAD14619}.Release|iPhone.ActiveCfg = Release|iPhone
		{920D41A5-ACC0-4D7E-A7FC-2B40AAD14619}.Release|iPhone.Build.0 = Release|iPhone
		{920D41A5-ACC0-4D7E-A7FC-2B40AAD14619}.Release|iPhoneSimulator.ActiveCfg = Release|iPhoneSimulator
		{920D41A5-ACC0-4D7E-A7FC-2B40AAD14619}.Release|iPhoneSimulator.Build.0 = Release|iPhoneSimulator
		{920D41A5-ACC0-4D7E-A7FC-2B40AAD14619}.Release|x64.ActiveCfg = Release|iPhone
		{920D41A5-ACC0-4D7E-A7FC-2B40AAD14619}.Release|x86.ActiveCfg = Release|iPhone
		{136E7A90-F60D-433A-8FE8-2AF30E906334}.Debug|Any CPU.ActiveCfg = Debug|Any CPU
		{136E7A90-F60D-433A-8FE8-2AF30E906334}.Debug|Any CPU.Build.0 = Debug|Any CPU
		{136E7A90-F60D-433A-8FE8-2AF30E906334}.Debug|ARM.ActiveCfg = Debug|Any CPU
		{136E7A90-F60D-433A-8FE8-2AF30E906334}.Debug|ARM.Build.0 = Debug|Any CPU
		{136E7A90-F60D-433A-8FE8-2AF30E906334}.Debug|iPhone.ActiveCfg = Debug|Any CPU
		{136E7A90-F60D-433A-8FE8-2AF30E906334}.Debug|iPhone.Build.0 = Debug|Any CPU
		{136E7A90-F60D-433A-8FE8-2AF30E906334}.Debug|iPhoneSimulator.ActiveCfg = Debug|Any CPU
		{136E7A90-F60D-433A-8FE8-2AF30E906334}.Debug|iPhoneSimulator.Build.0 = Debug|Any CPU
		{136E7A90-F60D-433A-8FE8-2AF30E906334}.Debug|x64.ActiveCfg = Debug|Any CPU
		{136E7A90-F60D-433A-8FE8-2AF30E906334}.Debug|x64.Build.0 = Debug|Any CPU
		{136E7A90-F60D-433A-8FE8-2AF30E906334}.Debug|x86.ActiveCfg = Debug|Any CPU
		{136E7A90-F60D-433A-8FE8-2AF30E906334}.Debug|x86.Build.0 = Debug|Any CPU
		{136E7A90-F60D-433A-8FE8-2AF30E906334}.Release|Any CPU.ActiveCfg = Release|Any CPU
		{136E7A90-F60D-433A-8FE8-2AF30E906334}.Release|Any CPU.Build.0 = Release|Any CPU
		{136E7A90-F60D-433A-8FE8-2AF30E906334}.Release|ARM.ActiveCfg = Release|Any CPU
		{136E7A90-F60D-433A-8FE8-2AF30E906334}.Release|ARM.Build.0 = Release|Any CPU
		{136E7A90-F60D-433A-8FE8-2AF30E906334}.Release|iPhone.ActiveCfg = Release|Any CPU
		{136E7A90-F60D-433A-8FE8-2AF30E906334}.Release|iPhone.Build.0 = Release|Any CPU
		{136E7A90-F60D-433A-8FE8-2AF30E906334}.Release|iPhoneSimulator.ActiveCfg = Release|Any CPU
		{136E7A90-F60D-433A-8FE8-2AF30E906334}.Release|iPhoneSimulator.Build.0 = Release|Any CPU
		{136E7A90-F60D-433A-8FE8-2AF30E906334}.Release|x64.ActiveCfg = Release|Any CPU
		{136E7A90-F60D-433A-8FE8-2AF30E906334}.Release|x64.Build.0 = Release|Any CPU
		{136E7A90-F60D-433A-8FE8-2AF30E906334}.Release|x86.ActiveCfg = Release|Any CPU
		{136E7A90-F60D-433A-8FE8-2AF30E906334}.Release|x86.Build.0 = Release|Any CPU
		{FCF8C99B-7FDC-4018-991C-EE0DC002E4B9}.Debug|Any CPU.ActiveCfg = Debug|Any CPU
		{FCF8C99B-7FDC-4018-991C-EE0DC002E4B9}.Debug|Any CPU.Build.0 = Debug|Any CPU
		{FCF8C99B-7FDC-4018-991C-EE0DC002E4B9}.Debug|ARM.ActiveCfg = Debug|Any CPU
		{FCF8C99B-7FDC-4018-991C-EE0DC002E4B9}.Debug|ARM.Build.0 = Debug|Any CPU
		{FCF8C99B-7FDC-4018-991C-EE0DC002E4B9}.Debug|iPhone.ActiveCfg = Debug|Any CPU
		{FCF8C99B-7FDC-4018-991C-EE0DC002E4B9}.Debug|iPhone.Build.0 = Debug|Any CPU
		{FCF8C99B-7FDC-4018-991C-EE0DC002E4B9}.Debug|iPhoneSimulator.ActiveCfg = Debug|Any CPU
		{FCF8C99B-7FDC-4018-991C-EE0DC002E4B9}.Debug|iPhoneSimulator.Build.0 = Debug|Any CPU
		{FCF8C99B-7FDC-4018-991C-EE0DC002E4B9}.Debug|x64.ActiveCfg = Debug|Any CPU
		{FCF8C99B-7FDC-4018-991C-EE0DC002E4B9}.Debug|x64.Build.0 = Debug|Any CPU
		{FCF8C99B-7FDC-4018-991C-EE0DC002E4B9}.Debug|x86.ActiveCfg = Debug|Any CPU
		{FCF8C99B-7FDC-4018-991C-EE0DC002E4B9}.Debug|x86.Build.0 = Debug|Any CPU
		{FCF8C99B-7FDC-4018-991C-EE0DC002E4B9}.Release|Any CPU.ActiveCfg = Release|Any CPU
		{FCF8C99B-7FDC-4018-991C-EE0DC002E4B9}.Release|Any CPU.Build.0 = Release|Any CPU
		{FCF8C99B-7FDC-4018-991C-EE0DC002E4B9}.Release|ARM.ActiveCfg = Release|Any CPU
		{FCF8C99B-7FDC-4018-991C-EE0DC002E4B9}.Release|ARM.Build.0 = Release|Any CPU
		{FCF8C99B-7FDC-4018-991C-EE0DC002E4B9}.Release|iPhone.ActiveCfg = Release|Any CPU
		{FCF8C99B-7FDC-4018-991C-EE0DC002E4B9}.Release|iPhone.Build.0 = Release|Any CPU
		{FCF8C99B-7FDC-4018-991C-EE0DC002E4B9}.Release|iPhoneSimulator.ActiveCfg = Release|Any CPU
		{FCF8C99B-7FDC-4018-991C-EE0DC002E4B9}.Release|iPhoneSimulator.Build.0 = Release|Any CPU
		{FCF8C99B-7FDC-4018-991C-EE0DC002E4B9}.Release|x64.ActiveCfg = Release|Any CPU
		{FCF8C99B-7FDC-4018-991C-EE0DC002E4B9}.Release|x64.Build.0 = Release|Any CPU
		{FCF8C99B-7FDC-4018-991C-EE0DC002E4B9}.Release|x86.ActiveCfg = Release|Any CPU
		{FCF8C99B-7FDC-4018-991C-EE0DC002E4B9}.Release|x86.Build.0 = Release|Any CPU
	EndGlobalSection
	GlobalSection(SolutionProperties) = preSolution
		HideSolutionNode = FALSE
	EndGlobalSection
	GlobalSection(NestedProjects) = preSolution
		{A91CECC2-1D41-46C4-8CCA-05C3A938F5ED} = {58551F03-B215-46A3-A54D-EBC389E03A3D}
		{6DFFA141-89F5-4882-A3F5-BC280E545A8D} = {58551F03-B215-46A3-A54D-EBC389E03A3D}
		{DE7256C7-E047-4BD0-B172-A040274E3611} = {58551F03-B215-46A3-A54D-EBC389E03A3D}
		{35CDA039-B005-4C37-A8DC-A2BF5B43C410} = {58551F03-B215-46A3-A54D-EBC389E03A3D}
		{B8934FC2-8E2C-4A88-B519-A5552C2F3819} = {58551F03-B215-46A3-A54D-EBC389E03A3D}
		{4184D5D8-7441-4E13-B687-D42DDFA64934} = {AAF10668-A3A5-4450-B08A-EC237E2140A1}
		{5544DED3-FDEB-4331-8FF7-C8225D253500} = {AAF10668-A3A5-4450-B08A-EC237E2140A1}
		{920D41A5-ACC0-4D7E-A7FC-2B40AAD14619} = {AAF10668-A3A5-4450-B08A-EC237E2140A1}
		{136E7A90-F60D-433A-8FE8-2AF30E906334} = {AAF10668-A3A5-4450-B08A-EC237E2140A1}
		{FCF8C99B-7FDC-4018-991C-EE0DC002E4B9} = {AAF10668-A3A5-4450-B08A-EC237E2140A1}
	EndGlobalSection
	GlobalSection(ExtensibilityGlobals) = postSolution
		SolutionGuid = {1C18CE1C-09C0-40A9-9F02-8811DE943BA2}
	EndGlobalSection
	GlobalSection(MonoDevelopProperties) = preSolution
		StartupItem = PdfClown.Samples\PdfClown.Samples.csproj
		Policies = $0
		$0.TextStylePolicy = $6
		$1.inheritsSet = null
		$1.scope = text/x-csharp
		$0.CSharpFormattingPolicy = $2
		$2.AnonymousMethodBraceStyle = NextLine
		$2.PropertyBraceStyle = NextLine
		$2.PropertyGetBraceStyle = NextLine
		$2.PropertySetBraceStyle = NextLine
		$2.AllowPropertyGetBlockInline = False
		$2.AllowPropertySetBlockInline = False
		$2.EventBraceStyle = NextLine
		$2.EventAddBraceStyle = NextLine
		$2.EventRemoveBraceStyle = NextLine
		$2.AllowEventAddBlockInline = False
		$2.AllowEventRemoveBlockInline = False
		$2.StatementBraceStyle = NextLine
		$2.BeforeMethodDeclarationParentheses = False
		$2.BeforeMethodCallParentheses = False
		$2.BeforeConstructorDeclarationParentheses = False
		$2.BeforeDelegateDeclarationParentheses = False
		$2.NewParentheses = False
		$2.IfParentheses = False
		$2.WhileParentheses = False
		$2.ForParentheses = False
		$2.ForeachParentheses = False
		$2.CatchParentheses = False
		$2.SwitchParentheses = False
		$2.LockParentheses = False
		$2.UsingParentheses = False
		$2.inheritsSet = Mono
		$2.inheritsScope = text/x-csharp
		$2.scope = text/x-csharp
		$3.FileWidth = 100
		$3.TabWidth = 2
		$3.RemoveTrailingWhitespace = True
		$3.EolMarker = Windows
		$3.inheritsSet = VisualStudio
		$3.inheritsScope = text/plain
		$3.scope = text/plain
		$0.StandardHeader = $4
		$4.Text = 
		$4.IncludeInNewFiles = True
		$0.DotNetNamingPolicy = $5
		$5.DirectoryNamespaceAssociation = Hierarchical
		$5.ResourceNamePolicy = FileFormatDefault
		$6.inheritsSet = null
		$6.scope = application/x-font-afm
	EndGlobalSection
EndGlobal
